// !$*UTF8*$!
{
	archiveVersion = 1;
	classes = {
	};
	objectVersion = 55;
	objects = {

/* Begin PBXBuildFile section */
		3B4F9D91270CCFB0008F6C44 /* AppDelegate.swift in Sources */ = {isa = PBXBuildFile; fileRef = 3B4F9D90270CCFB0008F6C44 /* AppDelegate.swift */; };
		3B4F9D93270CCFB0008F6C44 /* SceneDelegate.swift in Sources */ = {isa = PBXBuildFile; fileRef = 3B4F9D92270CCFB0008F6C44 /* SceneDelegate.swift */; };
		3B4F9D95270CCFB0008F6C44 /* HomePageViewController.swift in Sources */ = {isa = PBXBuildFile; fileRef = 3B4F9D94270CCFB0008F6C44 /* HomePageViewController.swift */; };
		3B4F9D98270CCFB0008F6C44 /* Main.storyboard in Resources */ = {isa = PBXBuildFile; fileRef = 3B4F9D96270CCFB0008F6C44 /* Main.storyboard */; };
		3B4F9D9A270CCFB1008F6C44 /* Assets.xcassets in Resources */ = {isa = PBXBuildFile; fileRef = 3B4F9D99270CCFB1008F6C44 /* Assets.xcassets */; };
		3B4F9D9D270CCFB1008F6C44 /* LaunchScreen.storyboard in Resources */ = {isa = PBXBuildFile; fileRef = 3B4F9D9B270CCFB1008F6C44 /* LaunchScreen.storyboard */; };
		3B788007270D7C5100E3AEC9 /* HomePageProtocols.swift in Sources */ = {isa = PBXBuildFile; fileRef = 3B788006270D7C5100E3AEC9 /* HomePageProtocols.swift */; };
		3B788009270D7DC200E3AEC9 /* HomePageViewModel.swift in Sources */ = {isa = PBXBuildFile; fileRef = 3B788008270D7DC200E3AEC9 /* HomePageViewModel.swift */; };
		3B78800B270D7DEB00E3AEC9 /* HomePageModel.swift in Sources */ = {isa = PBXBuildFile; fileRef = 3B78800A270D7DEB00E3AEC9 /* HomePageModel.swift */; };
		3B78800E270D7FF200E3AEC9 /* HomePageBuilder.swift in Sources */ = {isa = PBXBuildFile; fileRef = 3B78800D270D7FF200E3AEC9 /* HomePageBuilder.swift */; };
		3B788012270D9BD900E3AEC9 /* NewsArticleCarousalCell.swift in Sources */ = {isa = PBXBuildFile; fileRef = 3B788011270D9BD900E3AEC9 /* NewsArticleCarousalCell.swift */; };
		3B788015270E11FF00E3AEC9 /* CardView.swift in Sources */ = {isa = PBXBuildFile; fileRef = 3B788014270E11FF00E3AEC9 /* CardView.swift */; };
		3B78801A270E32EB00E3AEC9 /* HomeSectionHeaderView.swift in Sources */ = {isa = PBXBuildFile; fileRef = 3B788018270E32EB00E3AEC9 /* HomeSectionHeaderView.swift */; };
		3B78801E270E4BD600E3AEC9 /* Extensions.swift in Sources */ = {isa = PBXBuildFile; fileRef = 3B78801D270E4BD600E3AEC9 /* Extensions.swift */; };
		3B8DD73E270CD8080014446B /* APIHomepage.swift in Sources */ = {isa = PBXBuildFile; fileRef = 3B8DD73D270CD8080014446B /* APIHomepage.swift */; };
		3B8DD740270CDE890014446B /* Network.swift in Sources */ = {isa = PBXBuildFile; fileRef = 3B8DD73F270CDE890014446B /* Network.swift */; };
		3B8DD742270CE9540014446B /* NewsArticleModel.swift in Sources */ = {isa = PBXBuildFile; fileRef = 3B8DD741270CE9540014446B /* NewsArticleModel.swift */; };
/* End PBXBuildFile section */

/* Begin PBXFileReference section */
		3B4F9D8D270CCFB0008F6C44 /* Newsroom.app */ = {isa = PBXFileReference; explicitFileType = wrapper.application; includeInIndex = 0; path = Newsroom.app; sourceTree = BUILT_PRODUCTS_DIR; };
		3B4F9D90270CCFB0008F6C44 /* AppDelegate.swift */ = {isa = PBXFileReference; lastKnownFileType = sourcecode.swift; path = AppDelegate.swift; sourceTree = "<group>"; };
		3B4F9D92270CCFB0008F6C44 /* SceneDelegate.swift */ = {isa = PBXFileReference; lastKnownFileType = sourcecode.swift; path = SceneDelegate.swift; sourceTree = "<group>"; };
		3B4F9D94270CCFB0008F6C44 /* HomePageViewController.swift */ = {isa = PBXFileReference; lastKnownFileType = sourcecode.swift; path = HomePageViewController.swift; sourceTree = "<group>"; };
		3B4F9D97270CCFB0008F6C44 /* Base */ = {isa = PBXFileReference; lastKnownFileType = file.storyboard; name = Base; path = Base.lproj/Main.storyboard; sourceTree = "<group>"; };
		3B4F9D99270CCFB1008F6C44 /* Assets.xcassets */ = {isa = PBXFileReference; lastKnownFileType = folder.assetcatalog; path = Assets.xcassets; sourceTree = "<group>"; };
		3B4F9D9C270CCFB1008F6C44 /* Base */ = {isa = PBXFileReference; lastKnownFileType = file.storyboard; name = Base; path = Base.lproj/LaunchScreen.storyboard; sourceTree = "<group>"; };
		3B4F9D9E270CCFB1008F6C44 /* Info.plist */ = {isa = PBXFileReference; lastKnownFileType = text.plist.xml; path = Info.plist; sourceTree = "<group>"; };
		3B788006270D7C5100E3AEC9 /* HomePageProtocols.swift */ = {isa = PBXFileReference; lastKnownFileType = sourcecode.swift; path = HomePageProtocols.swift; sourceTree = "<group>"; };
		3B788008270D7DC200E3AEC9 /* HomePageViewModel.swift */ = {isa = PBXFileReference; lastKnownFileType = sourcecode.swift; path = HomePageViewModel.swift; sourceTree = "<group>"; };
		3B78800A270D7DEB00E3AEC9 /* HomePageModel.swift */ = {isa = PBXFileReference; lastKnownFileType = sourcecode.swift; path = HomePageModel.swift; sourceTree = "<group>"; };
		3B78800D270D7FF200E3AEC9 /* HomePageBuilder.swift */ = {isa = PBXFileReference; lastKnownFileType = sourcecode.swift; path = HomePageBuilder.swift; sourceTree = "<group>"; };
		3B788011270D9BD900E3AEC9 /* NewsArticleCarousalCell.swift */ = {isa = PBXFileReference; lastKnownFileType = sourcecode.swift; path = NewsArticleCarousalCell.swift; sourceTree = "<group>"; };
		3B788014270E11FF00E3AEC9 /* CardView.swift */ = {isa = PBXFileReference; lastKnownFileType = sourcecode.swift; path = CardView.swift; sourceTree = "<group>"; };
		3B788018270E32EB00E3AEC9 /* HomeSectionHeaderView.swift */ = {isa = PBXFileReference; lastKnownFileType = sourcecode.swift; path = HomeSectionHeaderView.swift; sourceTree = "<group>"; };
		3B78801D270E4BD600E3AEC9 /* Extensions.swift */ = {isa = PBXFileReference; lastKnownFileType = sourcecode.swift; path = Extensions.swift; sourceTree = "<group>"; };
		3B8DD73D270CD8080014446B /* APIHomepage.swift */ = {isa = PBXFileReference; lastKnownFileType = sourcecode.swift; path = APIHomepage.swift; sourceTree = "<group>"; };
		3B8DD73F270CDE890014446B /* Network.swift */ = {isa = PBXFileReference; lastKnownFileType = sourcecode.swift; path = Network.swift; sourceTree = "<group>"; };
		3B8DD741270CE9540014446B /* NewsArticleModel.swift */ = {isa = PBXFileReference; lastKnownFileType = sourcecode.swift; path = NewsArticleModel.swift; sourceTree = "<group>"; };
/* End PBXFileReference section */

/* Begin PBXFrameworksBuildPhase section */
		3B4F9D8A270CCFB0008F6C44 /* Frameworks */ = {
			isa = PBXFrameworksBuildPhase;
			buildActionMask = 2147483647;
			files = (
			);
			runOnlyForDeploymentPostprocessing = 0;
		};
/* End PBXFrameworksBuildPhase section */

/* Begin PBXGroup section */
		3B4F9D84270CCFB0008F6C44 = {
			isa = PBXGroup;
			children = (
				3B4F9D8F270CCFB0008F6C44 /* Newsroom */,
				3B4F9D8E270CCFB0008F6C44 /* Products */,
			);
			sourceTree = "<group>";
		};
		3B4F9D8E270CCFB0008F6C44 /* Products */ = {
			isa = PBXGroup;
			children = (
				3B4F9D8D270CCFB0008F6C44 /* Newsroom.app */,
			);
			name = Products;
			sourceTree = "<group>";
		};
		3B4F9D8F270CCFB0008F6C44 /* Newsroom */ = {
			isa = PBXGroup;
			children = (
				3B78801C270E4BC100E3AEC9 /* Extensions */,
				3B788013270E11DC00E3AEC9 /* UIComponants */,
				3B8DD73C270CD7AA0014446B /* Networking */,
				3B8DD735270CD7030014446B /* Dashboard */,
				3B4F9D90270CCFB0008F6C44 /* AppDelegate.swift */,
				3B4F9D92270CCFB0008F6C44 /* SceneDelegate.swift */,
				3B4F9D99270CCFB1008F6C44 /* Assets.xcassets */,
				3B4F9D9B270CCFB1008F6C44 /* LaunchScreen.storyboard */,
				3B4F9D9E270CCFB1008F6C44 /* Info.plist */,
			);
			path = Newsroom;
			sourceTree = "<group>";
		};
		3B788005270D7BC700E3AEC9 /* Protocol */ = {
			isa = PBXGroup;
			children = (
				3B788006270D7C5100E3AEC9 /* HomePageProtocols.swift */,
			);
			name = Protocol;
			sourceTree = "<group>";
		};
		3B78800C270D7DFD00E3AEC9 /* Entity */ = {
			isa = PBXGroup;
			children = (
				3B8DD741270CE9540014446B /* NewsArticleModel.swift */,
			);
			name = Entity;
			sourceTree = "<group>";
		};
		3B788013270E11DC00E3AEC9 /* UIComponants */ = {
			isa = PBXGroup;
			children = (
				3B788014270E11FF00E3AEC9 /* CardView.swift */,
			);
			name = UIComponants;
			sourceTree = "<group>";
		};
		3B78801C270E4BC100E3AEC9 /* Extensions */ = {
			isa = PBXGroup;
			children = (
				3B78801D270E4BD600E3AEC9 /* Extensions.swift */,
			);
			name = Extensions;
			sourceTree = "<group>";
		};
		3B8DD735270CD7030014446B /* Dashboard */ = {
			isa = PBXGroup;
			children = (
				3B8DD73D270CD8080014446B /* APIHomepage.swift */,
				3B78800D270D7FF200E3AEC9 /* HomePageBuilder.swift */,
				3B78800C270D7DFD00E3AEC9 /* Entity */,
				3B788005270D7BC700E3AEC9 /* Protocol */,
				3B8DD737270CD7160014446B /* View */,
				3B8DD739270CD7300014446B /* ViewModel */,
				3B8DD738270CD7250014446B /* Model */,
			);
			name = Dashboard;
			sourceTree = "<group>";
		};
		3B8DD737270CD7160014446B /* View */ = {
			isa = PBXGroup;
			children = (
				3B4F9D96270CCFB0008F6C44 /* Main.storyboard */,
				3B4F9D94270CCFB0008F6C44 /* HomePageViewController.swift */,
				3B788011270D9BD900E3AEC9 /* NewsArticleCarousalCell.swift */,
				3B788018270E32EB00E3AEC9 /* HomeSectionHeaderView.swift */,
			);
			name = View;
			sourceTree = "<group>";
		};
		3B8DD738270CD7250014446B /* Model */ = {
			isa = PBXGroup;
			children = (
				3B78800A270D7DEB00E3AEC9 /* HomePageModel.swift */,
			);
			name = Model;
			sourceTree = "<group>";
		};
		3B8DD739270CD7300014446B /* ViewModel */ = {
			isa = PBXGroup;
			children = (
				3B788008270D7DC200E3AEC9 /* HomePageViewModel.swift */,
			);
			name = ViewModel;
			sourceTree = "<group>";
		};
		3B8DD73C270CD7AA0014446B /* Networking */ = {
			isa = PBXGroup;
			children = (
				3B8DD73F270CDE890014446B /* Network.swift */,
			);
			name = Networking;
			sourceTree = "<group>";
		};
/* End PBXGroup section */

/* Begin PBXNativeTarget section */
		3B4F9D8C270CCFB0008F6C44 /* Newsroom */ = {
			isa = PBXNativeTarget;
			buildConfigurationList = 3B4F9DA1270CCFB1008F6C44 /* Build configuration list for PBXNativeTarget "Newsroom" */;
			buildPhases = (
				3B4F9D89270CCFB0008F6C44 /* Sources */,
				3B4F9D8A270CCFB0008F6C44 /* Frameworks */,
				3B4F9D8B270CCFB0008F6C44 /* Resources */,
			);
			buildRules = (
			);
			dependencies = (
			);
			name = Newsroom;
			productName = Newsroom;
			productReference = 3B4F9D8D270CCFB0008F6C44 /* Newsroom.app */;
			productType = "com.apple.product-type.application";
		};
/* End PBXNativeTarget section */

/* Begin PBXProject section */
		3B4F9D85270CCFB0008F6C44 /* Project object */ = {
			isa = PBXProject;
			attributes = {
				BuildIndependentTargetsInParallel = 1;
				LastSwiftUpdateCheck = 1300;
				LastUpgradeCheck = 1300;
				TargetAttributes = {
					3B4F9D8C270CCFB0008F6C44 = {
						CreatedOnToolsVersion = 13.0;
					};
				};
			};
			buildConfigurationList = 3B4F9D88270CCFB0008F6C44 /* Build configuration list for PBXProject "Newsroom" */;
			compatibilityVersion = "Xcode 13.0";
			developmentRegion = en;
			hasScannedForEncodings = 0;
			knownRegions = (
				en,
				Base,
			);
			mainGroup = 3B4F9D84270CCFB0008F6C44;
			productRefGroup = 3B4F9D8E270CCFB0008F6C44 /* Products */;
			projectDirPath = "";
			projectRoot = "";
			targets = (
				3B4F9D8C270CCFB0008F6C44 /* Newsroom */,
			);
		};
/* End PBXProject section */

/* Begin PBXResourcesBuildPhase section */
		3B4F9D8B270CCFB0008F6C44 /* Resources */ = {
			isa = PBXResourcesBuildPhase;
			buildActionMask = 2147483647;
			files = (
				3B4F9D9D270CCFB1008F6C44 /* LaunchScreen.storyboard in Resources */,
				3B4F9D9A270CCFB1008F6C44 /* Assets.xcassets in Resources */,
				3B4F9D98270CCFB0008F6C44 /* Main.storyboard in Resources */,
			);
			runOnlyForDeploymentPostprocessing = 0;
		};
/* End PBXResourcesBuildPhase section */

/* Begin PBXSourcesBuildPhase section */
		3B4F9D89270CCFB0008F6C44 /* Sources */ = {
			isa = PBXSourcesBuildPhase;
			buildActionMask = 2147483647;
			files = (
				3B78800B270D7DEB00E3AEC9 /* HomePageModel.swift in Sources */,
				3B8DD740270CDE890014446B /* Network.swift in Sources */,
				3B4F9D95270CCFB0008F6C44 /* HomePageViewController.swift in Sources */,
				3B788012270D9BD900E3AEC9 /* NewsArticleCarousalCell.swift in Sources */,
				3B8DD73E270CD8080014446B /* APIHomepage.swift in Sources */,
				3B8DD742270CE9540014446B /* NewsArticleModel.swift in Sources */,
				3B788009270D7DC200E3AEC9 /* HomePageViewModel.swift in Sources */,
				3B788015270E11FF00E3AEC9 /* CardView.swift in Sources */,
				3B4F9D91270CCFB0008F6C44 /* AppDelegate.swift in Sources */,
				3B78801A270E32EB00E3AEC9 /* HomeSectionHeaderView.swift in Sources */,
				3B78800E270D7FF200E3AEC9 /* HomePageBuilder.swift in Sources */,
				3B788007270D7C5100E3AEC9 /* HomePageProtocols.swift in Sources */,
				3B4F9D93270CCFB0008F6C44 /* SceneDelegate.swift in Sources */,
				3B78801E270E4BD600E3AEC9 /* Extensions.swift in Sources */,
			);
			runOnlyForDeploymentPostprocessing = 0;
		};
/* End PBXSourcesBuildPhase section */

/* Begin PBXVariantGroup section */
		3B4F9D96270CCFB0008F6C44 /* Main.storyboard */ = {
			isa = PBXVariantGroup;
			children = (
				3B4F9D97270CCFB0008F6C44 /* Base */,
			);
			name = Main.storyboard;
			sourceTree = "<group>";
		};
		3B4F9D9B270CCFB1008F6C44 /* LaunchScreen.storyboard */ = {
			isa = PBXVariantGroup;
			children = (
				3B4F9D9C270CCFB1008F6C44 /* Base */,
			);
			name = LaunchScreen.storyboard;
			sourceTree = "<group>";
		};
/* End PBXVariantGroup section */

/* Begin XCBuildConfiguration section */
		3B4F9D9F270CCFB1008F6C44 /* Debug */ = {
			isa = XCBuildConfiguration;
			buildSettings = {
				ALWAYS_SEARCH_USER_PATHS = NO;
				CLANG_ANALYZER_NONNULL = YES;
				CLANG_ANALYZER_NUMBER_OBJECT_CONVERSION = YES_AGGRESSIVE;
				CLANG_CXX_LANGUAGE_STANDARD = "gnu++17";
				CLANG_CXX_LIBRARY = "libc++";
				CLANG_ENABLE_MODULES = YES;
				CLANG_ENABLE_OBJC_ARC = YES;
				CLANG_ENABLE_OBJC_WEAK = YES;
				CLANG_WARN_BLOCK_CAPTURE_AUTORELEASING = YES;
				CLANG_WARN_BOOL_CONVERSION = YES;
				CLANG_WARN_COMMA = YES;
				CLANG_WARN_CONSTANT_CONVERSION = YES;
				CLANG_WARN_DEPRECATED_OBJC_IMPLEMENTATIONS = YES;
				CLANG_WARN_DIRECT_OBJC_ISA_USAGE = YES_ERROR;
				CLANG_WARN_DOCUMENTATION_COMMENTS = YES;
				CLANG_WARN_EMPTY_BODY = YES;
				CLANG_WARN_ENUM_CONVERSION = YES;
				CLANG_WARN_INFINITE_RECURSION = YES;
				CLANG_WARN_INT_CONVERSION = YES;
				CLANG_WARN_NON_LITERAL_NULL_CONVERSION = YES;
				CLANG_WARN_OBJC_IMPLICIT_RETAIN_SELF = YES;
				CLANG_WARN_OBJC_LITERAL_CONVERSION = YES;
				CLANG_WARN_OBJC_ROOT_CLASS = YES_ERROR;
				CLANG_WARN_QUOTED_INCLUDE_IN_FRAMEWORK_HEADER = YES;
				CLANG_WARN_RANGE_LOOP_ANALYSIS = YES;
				CLANG_WARN_STRICT_PROTOTYPES = YES;
				CLANG_WARN_SUSPICIOUS_MOVE = YES;
				CLANG_WARN_UNGUARDED_AVAILABILITY = YES_AGGRESSIVE;
				CLANG_WARN_UNREACHABLE_CODE = YES;
				CLANG_WARN__DUPLICATE_METHOD_MATCH = YES;
				COPY_PHASE_STRIP = NO;
				DEBUG_INFORMATION_FORMAT = dwarf;
				ENABLE_STRICT_OBJC_MSGSEND = YES;
				ENABLE_TESTABILITY = YES;
				GCC_C_LANGUAGE_STANDARD = gnu11;
				GCC_DYNAMIC_NO_PIC = NO;
				GCC_NO_COMMON_BLOCKS = YES;
				GCC_OPTIMIZATION_LEVEL = 0;
				GCC_PREPROCESSOR_DEFINITIONS = (
					"DEBUG=1",
					"$(inherited)",
				);
				GCC_WARN_64_TO_32_BIT_CONVERSION = YES;
				GCC_WARN_ABOUT_RETURN_TYPE = YES_ERROR;
				GCC_WARN_UNDECLARED_SELECTOR = YES;
				GCC_WARN_UNINITIALIZED_AUTOS = YES_AGGRESSIVE;
				GCC_WARN_UNUSED_FUNCTION = YES;
				GCC_WARN_UNUSED_VARIABLE = YES;
				IPHONEOS_DEPLOYMENT_TARGET = 15.0;
				MTL_ENABLE_DEBUG_INFO = INCLUDE_SOURCE;
				MTL_FAST_MATH = YES;
				ONLY_ACTIVE_ARCH = YES;
				SDKROOT = iphoneos;
				SWIFT_ACTIVE_COMPILATION_CONDITIONS = DEBUG;
				SWIFT_OPTIMIZATION_LEVEL = "-Onone";
			};
			name = Debug;
		};
		3B4F9DA0270CCFB1008F6C44 /* Release */ = {
			isa = XCBuildConfiguration;
			buildSettings = {
				ALWAYS_SEARCH_USER_PATHS = NO;
				CLANG_ANALYZER_NONNULL = YES;
				CLANG_ANALYZER_NUMBER_OBJECT_CONVERSION = YES_AGGRESSIVE;
				CLANG_CXX_LANGUAGE_STANDARD = "gnu++17";
				CLANG_CXX_LIBRARY = "libc++";
				CLANG_ENABLE_MODULES = YES;
				CLANG_ENABLE_OBJC_ARC = YES;
				CLANG_ENABLE_OBJC_WEAK = YES;
				CLANG_WARN_BLOCK_CAPTURE_AUTORELEASING = YES;
				CLANG_WARN_BOOL_CONVERSION = YES;
				CLANG_WARN_COMMA = YES;
				CLANG_WARN_CONSTANT_CONVERSION = YES;
				CLANG_WARN_DEPRECATED_OBJC_IMPLEMENTATIONS = YES;
				CLANG_WARN_DIRECT_OBJC_ISA_USAGE = YES_ERROR;
				CLANG_WARN_DOCUMENTATION_COMMENTS = YES;
				CLANG_WARN_EMPTY_BODY = YES;
				CLANG_WARN_ENUM_CONVERSION = YES;
				CLANG_WARN_INFINITE_RECURSION = YES;
				CLANG_WARN_INT_CONVERSION = YES;
				CLANG_WARN_NON_LITERAL_NULL_CONVERSION = YES;
				CLANG_WARN_OBJC_IMPLICIT_RETAIN_SELF = YES;
				CLANG_WARN_OBJC_LITERAL_CONVERSION = YES;
				CLANG_WARN_OBJC_ROOT_CLASS = YES_ERROR;
				CLANG_WARN_QUOTED_INCLUDE_IN_FRAMEWORK_HEADER = YES;
				CLANG_WARN_RANGE_LOOP_ANALYSIS = YES;
				CLANG_WARN_STRICT_PROTOTYPES = YES;
				CLANG_WARN_SUSPICIOUS_MOVE = YES;
				CLANG_WARN_UNGUARDED_AVAILABILITY = YES_AGGRESSIVE;
				CLANG_WARN_UNREACHABLE_CODE = YES;
				CLANG_WARN__DUPLICATE_METHOD_MATCH = YES;
				COPY_PHASE_STRIP = NO;
				DEBUG_INFORMATION_FORMAT = "dwarf-with-dsym";
				ENABLE_NS_ASSERTIONS = NO;
				ENABLE_STRICT_OBJC_MSGSEND = YES;
				GCC_C_LANGUAGE_STANDARD = gnu11;
				GCC_NO_COMMON_BLOCKS = YES;
				GCC_WARN_64_TO_32_BIT_CONVERSION = YES;
				GCC_WARN_ABOUT_RETURN_TYPE = YES_ERROR;
				GCC_WARN_UNDECLARED_SELECTOR = YES;
				GCC_WARN_UNINITIALIZED_AUTOS = YES_AGGRESSIVE;
				GCC_WARN_UNUSED_FUNCTION = YES;
				GCC_WARN_UNUSED_VARIABLE = YES;
				IPHONEOS_DEPLOYMENT_TARGET = 15.0;
				MTL_ENABLE_DEBUG_INFO = NO;
				MTL_FAST_MATH = YES;
				SDKROOT = iphoneos;
				SWIFT_COMPILATION_MODE = wholemodule;
				SWIFT_OPTIMIZATION_LEVEL = "-O";
				VALIDATE_PRODUCT = YES;
			};
			name = Release;
		};
		3B4F9DA2270CCFB1008F6C44 /* Debug */ = {
			isa = XCBuildConfiguration;
			buildSettings = {
				ASSETCATALOG_COMPILER_APPICON_NAME = AppIcon;
				ASSETCATALOG_COMPILER_GLOBAL_ACCENT_COLOR_NAME = AccentColor;
				CODE_SIGN_STYLE = Automatic;
				CURRENT_PROJECT_VERSION = 1;
				GENERATE_INFOPLIST_FILE = YES;
				INFOPLIST_FILE = Newsroom/Info.plist;
				INFOPLIST_KEY_UIApplicationSupportsIndirectInputEvents = YES;
				INFOPLIST_KEY_UILaunchStoryboardName = LaunchScreen;
				INFOPLIST_KEY_UIMainStoryboardFile = Main;
				INFOPLIST_KEY_UISupportedInterfaceOrientations_iPad = "UIInterfaceOrientationPortrait UIInterfaceOrientationPortraitUpsideDown UIInterfaceOrientationLandscapeLeft UIInterfaceOrientationLandscapeRight";
				INFOPLIST_KEY_UISupportedInterfaceOrientations_iPhone = "UIInterfaceOrientationPortrait UIInterfaceOrientationLandscapeLeft UIInterfaceOrientationLandscapeRight";
				LD_RUNPATH_SEARCH_PATHS = (
					"$(inherited)",
					"@executable_path/Frameworks",
				);
				MARKETING_VERSION = 1.0;
				PRODUCT_BUNDLE_IDENTIFIER = com.Sarvesh.Newsroom;
				PRODUCT_NAME = "$(TARGET_NAME)";
				SWIFT_EMIT_LOC_STRINGS = YES;
				SWIFT_VERSION = 5.0;
				TARGETED_DEVICE_FAMILY = 1;
			};
			name = Debug;
		};
		3B4F9DA3270CCFB1008F6C44 /* Release */ = {
			isa = XCBuildConfiguration;
			buildSettings = {
				ASSETCATALOG_COMPILER_APPICON_NAME = AppIcon;
				ASSETCATALOG_COMPILER_GLOBAL_ACCENT_COLOR_NAME = AccentColor;
				CODE_SIGN_STYLE = Automatic;
				CURRENT_PROJECT_VERSION = 1;
				GENERATE_INFOPLIST_FILE = YES;
				INFOPLIST_FILE = Newsroom/Info.plist;
				INFOPLIST_KEY_UIApplicationSupportsIndirectInputEvents = YES;
				INFOPLIST_KEY_UILaunchStoryboardName = LaunchScreen;
				INFOPLIST_KEY_UIMainStoryboardFile = Main;
				INFOPLIST_KEY_UISupportedInterfaceOrientations_iPad = "UIInterfaceOrientationPortrait UIInterfaceOrientationPortraitUpsideDown UIInterfaceOrientationLandscapeLeft UIInterfaceOrientationLandscapeRight";
				INFOPLIST_KEY_UISupportedInterfaceOrientations_iPhone = "UIInterfaceOrientationPortrait UIInterfaceOrientationLandscapeLeft UIInterfaceOrientationLandscapeRight";
				LD_RUNPATH_SEARCH_PATHS = (
					"$(inherited)",
					"@executable_path/Frameworks",
				);
				MARKETING_VERSION = 1.0;
				PRODUCT_BUNDLE_IDENTIFIER = com.Sarvesh.Newsroom;
				PRODUCT_NAME = "$(TARGET_NAME)";
				SWIFT_EMIT_LOC_STRINGS = YES;
				SWIFT_VERSION = 5.0;
				TARGETED_DEVICE_FAMILY = 1;
			};
			name = Release;
		};
/* End XCBuildConfiguration section */

/* Begin XCConfigurationList section */
		3B4F9D88270CCFB0008F6C44 /* Build configuration list for PBXProject "Newsroom" */ = {
			isa = XCConfigurationList;
			buildConfigurations = (
				3B4F9D9F270CCFB1008F6C44 /* Debug */,
				3B4F9DA0270CCFB1008F6C44 /* Release */,
			);
			defaultConfigurationIsVisible = 0;
			defaultConfigurationName = Release;
		};
		3B4F9DA1270CCFB1008F6C44 /* Build configuration list for PBXNativeTarget "Newsroom" */ = {
			isa = XCConfigurationList;
			buildConfigurations = (
				3B4F9DA2270CCFB1008F6C44 /* Debug */,
				3B4F9DA3270CCFB1008F6C44 /* Release */,
			);
			defaultConfigurationIsVisible = 0;
			defaultConfigurationName = Release;
		};
/* End XCConfigurationList section */
	};
	rootObject = 3B4F9D85270CCFB0008F6C44 /* Project object */;
}
